
Microsoft Visual Studio Solution File, Format Version 12.00
# Visual Studio 2013
VisualStudioVersion = 12.0.21005.1
MinimumVisualStudioVersion = 10.0.40219.1
Project("{FAE04EC0-301F-11D3-BF4B-00C04F79EFBC}") = "Zadatak1", "Zadatak1\Zadatak1.csproj", "{F5B4E0B4-134C-4D32-8247-12AA07A97197}"
EndProject
Project("{FAE04EC0-301F-11D3-BF4B-00C04F79EFBC}") = "Zadatak2", "Zadatak2\Zadatak2.csproj", "{15BD68F0-076F-4973-B2F0-8002B5925467}"
EndProject
Project("{FAE04EC0-301F-11D3-BF4B-00C04F79EFBC}") = "PongGame", "PongGame\PongGame.csproj", "{6CE8C586-335C-4554-AA45-E7DF4EDC2A1A}"
EndProject
Global
	GlobalSection(SolutionConfigurationPlatforms) = preSolution
		Debug|Any CPU = Debug|Any CPU
		Debug|Mixed Platforms = Debug|Mixed Platforms
		Debug|x86 = Debug|x86
		Release|Any CPU = Release|Any CPU
		Release|Mixed Platforms = Release|Mixed Platforms
		Release|x86 = Release|x86
	EndGlobalSection
	GlobalSection(ProjectConfigurationPlatforms) = postSolution
		{F5B4E0B4-134C-4D32-8247-12AA07A97197}.Debug|Any CPU.ActiveCfg = Debug|Any CPU
		{F5B4E0B4-134C-4D32-8247-12AA07A97197}.Debug|Any CPU.Build.0 = Debug|Any CPU
		{F5B4E0B4-134C-4D32-8247-12AA07A97197}.Debug|Mixed Platforms.ActiveCfg = Debug|Any CPU
		{F5B4E0B4-134C-4D32-8247-12AA07A97197}.Debug|x86.ActiveCfg = Debug|Any CPU
		{F5B4E0B4-134C-4D32-8247-12AA07A97197}.Release|Any CPU.ActiveCfg = Release|Any CPU
		{F5B4E0B4-134C-4D32-8247-12AA07A97197}.Release|Any CPU.Build.0 = Release|Any CPU
		{F5B4E0B4-134C-4D32-8247-12AA07A97197}.Release|Mixed Platforms.ActiveCfg = Release|Any CPU
		{F5B4E0B4-134C-4D32-8247-12AA07A97197}.Release|x86.ActiveCfg = Release|Any CPU
		{15BD68F0-076F-4973-B2F0-8002B5925467}.Debug|Any CPU.ActiveCfg = Debug|Any CPU
		{15BD68F0-076F-4973-B2F0-8002B5925467}.Debug|Any CPU.Build.0 = Debug|Any CPU
		{15BD68F0-076F-4973-B2F0-8002B5925467}.Debug|Mixed Platforms.ActiveCfg = Debug|Any CPU
		{15BD68F0-076F-4973-B2F0-8002B5925467}.Debug|Mixed Platforms.Build.0 = Debug|Any CPU
		{15BD68F0-076F-4973-B2F0-8002B5925467}.Debug|x86.ActiveCfg = Debug|Any CPU
		{15BD68F0-076F-4973-B2F0-8002B5925467}.Release|Any CPU.ActiveCfg = Release|Any CPU
		{15BD68F0-076F-4973-B2F0-8002B5925467}.Release|Any CPU.Build.0 = Release|Any CPU
		{15BD68F0-076F-4973-B2F0-8002B5925467}.Release|Mixed Platforms.ActiveCfg = Release|Any CPU
		{15BD68F0-076F-4973-B2F0-8002B5925467}.Release|Mixed Platforms.Build.0 = Release|Any CPU
		{15BD68F0-076F-4973-B2F0-8002B5925467}.Release|x86.ActiveCfg = Release|Any CPU
		{6CE8C586-335C-4554-AA45-E7DF4EDC2A1A}.Debug|Any CPU.ActiveCfg = Debug|x86
		{6CE8C586-335C-4554-AA45-E7DF4EDC2A1A}.Debug|Mixed Platforms.ActiveCfg = Debug|x86
		{6CE8C586-335C-4554-AA45-E7DF4EDC2A1A}.Debug|Mixed Platforms.Build.0 = Debug|x86
		{6CE8C586-335C-4554-AA45-E7DF4EDC2A1A}.Debug|x86.ActiveCfg = Debug|x86
		{6CE8C586-335C-4554-AA45-E7DF4EDC2A1A}.Debug|x86.Build.0 = Debug|x86
		{6CE8C586-335C-4554-AA45-E7DF4EDC2A1A}.Release|Any CPU.ActiveCfg = Release|x86
		{6CE8C586-335C-4554-AA45-E7DF4EDC2A1A}.Release|Mixed Platforms.ActiveCfg = Release|x86
		{6CE8C586-335C-4554-AA45-E7DF4EDC2A1A}.Release|Mixed Platforms.Build.0 = Release|x86
		{6CE8C586-335C-4554-AA45-E7DF4EDC2A1A}.Release|x86.ActiveCfg = Release|x86
		{6CE8C586-335C-4554-AA45-E7DF4EDC2A1A}.Release|x86.Build.0 = Release|x86
	EndGlobalSection
	GlobalSection(SolutionProperties) = preSolution
		HideSolutionNode = FALSE
	EndGlobalSection
EndGlobal
